
Microsoft Visual Studio Solution File, Format Version 12.00
# Visual Studio Version 16
VisualStudioVersion = 16.0.29230.47
MinimumVisualStudioVersion = 10.0.40219.1
Project("{FAE04EC0-301F-11D3-BF4B-00C04F79EFBC}") = "RPGCharacterSheet", "RPGCharacterSheet.csproj", "{A7C749D9-F57C-476F-9585-AA9CF5697296}"
EndProject
Global
	GlobalSection(SolutionConfigurationPlatforms) = preSolution
		Debug|Any CPU = Debug|Any CPU
		Release|Any CPU = Release|Any CPU
	EndGlobalSection
	GlobalSection(ProjectConfigurationPlatforms) = postSolution
		{A7C749D9-F57C-476F-9585-AA9CF5697296}.Debug|Any CPU.ActiveCfg = Debug|Any CPU
		{A7C749D9-F57C-476F-9585-AA9CF5697296}.Debug|Any CPU.Build.0 = Debug|Any CPU
		{A7C749D9-F57C-476F-9585-AA9CF5697296}.Release|Any CPU.ActiveCfg = Release|Any CPU
		{A7C749D9-F57C-476F-9585-AA9CF5697296}.Release|Any CPU.Build.0 = Release|Any CPU
	EndGlobalSection
	GlobalSection(SolutionProperties) = preSolution
		HideSolutionNode = FALSE
	EndGlobalSection
	GlobalSection(ExtensibilityGlobals) = postSolution
		SolutionGuid = {D04C2A29-DED9-4875-93BC-12B24CC345CE}
	EndGlobalSection
EndGlobal
